{
  "version": "5",
  "specifiers": {
    "jsr:@std/assert@*": "1.0.18",
    "jsr:@std/internal@^1.0.12": "1.0.12"
  },
  "jsr": {
    "@std/assert@1.0.18": {
      "integrity": "270245e9c2c13b446286de475131dc688ca9abcd94fc5db41d43a219b34d1c78",
      "dependencies": [
        "jsr:@std/internal"
      ]
    },
    "@std/internal@1.0.12": {
      "integrity": "972a634fd5bc34b242024402972cd5143eac68d8dffaca5eaa4dba30ce17b027"
    }
  },
  "workspace": {
    "dependencies": [
      "jsr:@cliffy/keypress@*",
      "jsr:@db/sqlite@0.13",
      "jsr:@std/assert@1",
      "jsr:@std/media-types@^1.1.0",
      "jsr:@std/path@^1.1.4",
      "jsr:@std/tar@~0.1.10",
      "npm:@sha1n/dagraph@~0.3.1",
      "npm:@types/deno@^2.5.0",
      "npm:fast-check@^3.15.0",
      "npm:kysely@~0.28.11",
      "npm:neverthrow@8.2.0"
    ]
  }
}
